
Microsoft Visual Studio Solution File, Format Version 12.00
# Visual Studio Version 16
VisualStudioVersion = 16.0.29728.190
MinimumVisualStudioVersion = 10.0.40219.1
Project("{2150E333-8FDC-42A3-9474-1A3956D46DE8}") = "Api", "Api", "{5E04765A-5B21-4666-8C52-329252D5ADDD}"
EndProject
Project("{2150E333-8FDC-42A3-9474-1A3956D46DE8}") = "Domain", "Domain", "{CAB16F40-A4D5-4135-92F3-306E5C1F1588}"
EndProject
Project("{2150E333-8FDC-42A3-9474-1A3956D46DE8}") = "Infrastructure", "Infrastructure", "{17AEEA36-DE04-4D42-8698-2E597E91EFCC}"
EndProject
Project("{2150E333-8FDC-42A3-9474-1A3956D46DE8}") = "PublicApi", "PublicApi", "{FBB2AF4C-1C81-4B7C-B504-881A0EF195CB}"
EndProject
Project("{9A19103F-16F7-4668-BE54-9A1E7A4F7556}") = "ApiTemplate.Values.Api", "src\ApiTemplate.Values.Api\ApiTemplate.Values.Api.csproj", "{3DF755FB-B9F3-4F3D-B72A-CA67B5FC7710}"
EndProject
Project("{9A19103F-16F7-4668-BE54-9A1E7A4F7556}") = "ApiTemplate.Values.Api.Tests", "test\ApiTemplate.Values.Api.Tests\ApiTemplate.Values.Api.Tests.csproj", "{013B87E5-D5BD-4D13-BEBF-B03394713B68}"
EndProject
Project("{9A19103F-16F7-4668-BE54-9A1E7A4F7556}") = "ApiTemplate.Values.Domain.Tests", "test\ApiTemplate.Values.Domain.Tests\ApiTemplate.Values.Domain.Tests.csproj", "{C361876E-18EC-4196-9FCB-6F4D3075F02D}"
EndProject
Project("{9A19103F-16F7-4668-BE54-9A1E7A4F7556}") = "ApiTemplate.Values.Domain", "src\ApiTemplate.Values.Domain\ApiTemplate.Values.Domain.csproj", "{3E566EE9-9133-4215-8885-72A3A3EA6C9B}"
EndProject
Project("{9A19103F-16F7-4668-BE54-9A1E7A4F7556}") = "ApiTemplate.Values.Infrastructure.CrossCutting", "src\ApiTemplate.Values.Infrastructure.CrossCutting\ApiTemplate.Values.Infrastructure.CrossCutting.csproj", "{58CA67EF-ECFD-4EEB-B533-39C966D77255}"
EndProject
Project("{9A19103F-16F7-4668-BE54-9A1E7A4F7556}") = "ApiTemplate.Values.Infrastructure.Data", "src\ApiTemplate.Values.Infrastructure.Data\ApiTemplate.Values.Infrastructure.Data.csproj", "{8C669B4B-B3F7-4087-8223-38C5AB57868D}"
EndProject
Project("{9A19103F-16F7-4668-BE54-9A1E7A4F7556}") = "ApiTemplate.Values.PublicApi", "src\ApiTemplate.Values.PublicApi\ApiTemplate.Values.PublicApi.csproj", "{A4121F3D-4473-49A2-B9D1-691887A0011B}"
EndProject
Project("{9A19103F-16F7-4668-BE54-9A1E7A4F7556}") = "ApiTemplate.Values.Infrastructure.Data.Tests", "test\ApiTemplate.Values.Infrastructure.Data.Tests\ApiTemplate.Values.Infrastructure.Data.Tests.csproj", "{0D43CCBC-639E-41D8-8F96-FA7316496979}"
EndProject
Project("{FAE04EC0-301F-11D3-BF4B-00C04F79EFBC}") = "ApiTemplate.Values.Infrastructure.Proxies", "src\ApiTemplate.Values.Infrastructure.Proxies\ApiTemplate.Values.Infrastructure.Proxies.csproj", "{E31A2466-0FCA-4708-BD0C-B46AB8D4B81C}"
EndProject
Global
	GlobalSection(SolutionConfigurationPlatforms) = preSolution
		Debug|Any CPU = Debug|Any CPU
		Release|Any CPU = Release|Any CPU
	EndGlobalSection
	GlobalSection(ProjectConfigurationPlatforms) = postSolution
		{3DF755FB-B9F3-4F3D-B72A-CA67B5FC7710}.Debug|Any CPU.ActiveCfg = Debug|Any CPU
		{3DF755FB-B9F3-4F3D-B72A-CA67B5FC7710}.Debug|Any CPU.Build.0 = Debug|Any CPU
		{3DF755FB-B9F3-4F3D-B72A-CA67B5FC7710}.Release|Any CPU.ActiveCfg = Release|Any CPU
		{3DF755FB-B9F3-4F3D-B72A-CA67B5FC7710}.Release|Any CPU.Build.0 = Release|Any CPU
		{013B87E5-D5BD-4D13-BEBF-B03394713B68}.Debug|Any CPU.ActiveCfg = Debug|Any CPU
		{013B87E5-D5BD-4D13-BEBF-B03394713B68}.Debug|Any CPU.Build.0 = Debug|Any CPU
		{013B87E5-D5BD-4D13-BEBF-B03394713B68}.Release|Any CPU.ActiveCfg = Release|Any CPU
		{013B87E5-D5BD-4D13-BEBF-B03394713B68}.Release|Any CPU.Build.0 = Release|Any CPU
		{C361876E-18EC-4196-9FCB-6F4D3075F02D}.Debug|Any CPU.ActiveCfg = Debug|Any CPU
		{C361876E-18EC-4196-9FCB-6F4D3075F02D}.Debug|Any CPU.Build.0 = Debug|Any CPU
		{C361876E-18EC-4196-9FCB-6F4D3075F02D}.Release|Any CPU.ActiveCfg = Release|Any CPU
		{C361876E-18EC-4196-9FCB-6F4D3075F02D}.Release|Any CPU.Build.0 = Release|Any CPU
		{3E566EE9-9133-4215-8885-72A3A3EA6C9B}.Debug|Any CPU.ActiveCfg = Debug|Any CPU
		{3E566EE9-9133-4215-8885-72A3A3EA6C9B}.Debug|Any CPU.Build.0 = Debug|Any CPU
		{3E566EE9-9133-4215-8885-72A3A3EA6C9B}.Release|Any CPU.ActiveCfg = Release|Any CPU
		{3E566EE9-9133-4215-8885-72A3A3EA6C9B}.Release|Any CPU.Build.0 = Release|Any CPU
		{58CA67EF-ECFD-4EEB-B533-39C966D77255}.Debug|Any CPU.ActiveCfg = Debug|Any CPU
		{58CA67EF-ECFD-4EEB-B533-39C966D77255}.Debug|Any CPU.Build.0 = Debug|Any CPU
		{58CA67EF-ECFD-4EEB-B533-39C966D77255}.Release|Any CPU.ActiveCfg = Release|Any CPU
		{58CA67EF-ECFD-4EEB-B533-39C966D77255}.Release|Any CPU.Build.0 = Release|Any CPU
		{8C669B4B-B3F7-4087-8223-38C5AB57868D}.Debug|Any CPU.ActiveCfg = Debug|Any CPU
		{8C669B4B-B3F7-4087-8223-38C5AB57868D}.Debug|Any CPU.Build.0 = Debug|Any CPU
		{8C669B4B-B3F7-4087-8223-38C5AB57868D}.Release|Any CPU.ActiveCfg = Release|Any CPU
		{8C669B4B-B3F7-4087-8223-38C5AB57868D}.Release|Any CPU.Build.0 = Release|Any CPU
		{A4121F3D-4473-49A2-B9D1-691887A0011B}.Debug|Any CPU.ActiveCfg = Debug|Any CPU
		{A4121F3D-4473-49A2-B9D1-691887A0011B}.Debug|Any CPU.Build.0 = Debug|Any CPU
		{A4121F3D-4473-49A2-B9D1-691887A0011B}.Release|Any CPU.ActiveCfg = Release|Any CPU
		{A4121F3D-4473-49A2-B9D1-691887A0011B}.Release|Any CPU.Build.0 = Release|Any CPU
		{0D43CCBC-639E-41D8-8F96-FA7316496979}.Debug|Any CPU.ActiveCfg = Debug|Any CPU
		{0D43CCBC-639E-41D8-8F96-FA7316496979}.Debug|Any CPU.Build.0 = Debug|Any CPU
		{0D43CCBC-639E-41D8-8F96-FA7316496979}.Release|Any CPU.ActiveCfg = Release|Any CPU
		{0D43CCBC-639E-41D8-8F96-FA7316496979}.Release|Any CPU.Build.0 = Release|Any CPU
		{E31A2466-0FCA-4708-BD0C-B46AB8D4B81C}.Debug|Any CPU.ActiveCfg = Debug|Any CPU
		{E31A2466-0FCA-4708-BD0C-B46AB8D4B81C}.Debug|Any CPU.Build.0 = Debug|Any CPU
		{E31A2466-0FCA-4708-BD0C-B46AB8D4B81C}.Release|Any CPU.ActiveCfg = Release|Any CPU
		{E31A2466-0FCA-4708-BD0C-B46AB8D4B81C}.Release|Any CPU.Build.0 = Release|Any CPU
	EndGlobalSection
	GlobalSection(SolutionProperties) = preSolution
		HideSolutionNode = FALSE
	EndGlobalSection
	GlobalSection(NestedProjects) = preSolution
		{3DF755FB-B9F3-4F3D-B72A-CA67B5FC7710} = {5E04765A-5B21-4666-8C52-329252D5ADDD}
		{013B87E5-D5BD-4D13-BEBF-B03394713B68} = {5E04765A-5B21-4666-8C52-329252D5ADDD}
		{C361876E-18EC-4196-9FCB-6F4D3075F02D} = {CAB16F40-A4D5-4135-92F3-306E5C1F1588}
		{3E566EE9-9133-4215-8885-72A3A3EA6C9B} = {CAB16F40-A4D5-4135-92F3-306E5C1F1588}
		{58CA67EF-ECFD-4EEB-B533-39C966D77255} = {17AEEA36-DE04-4D42-8698-2E597E91EFCC}
		{8C669B4B-B3F7-4087-8223-38C5AB57868D} = {17AEEA36-DE04-4D42-8698-2E597E91EFCC}
		{A4121F3D-4473-49A2-B9D1-691887A0011B} = {FBB2AF4C-1C81-4B7C-B504-881A0EF195CB}
		{0D43CCBC-639E-41D8-8F96-FA7316496979} = {17AEEA36-DE04-4D42-8698-2E597E91EFCC}
		{E31A2466-0FCA-4708-BD0C-B46AB8D4B81C} = {17AEEA36-DE04-4D42-8698-2E597E91EFCC}
	EndGlobalSection
	GlobalSection(ExtensibilityGlobals) = postSolution
		SolutionGuid = {145A5710-1992-496F-8DAA-246482B5DFB2}
	EndGlobalSection
EndGlobal
